
Microsoft Visual Studio Solution File, Format Version 12.00
# Visual Studio 14
VisualStudioVersion = 14.0.24720.0
MinimumVisualStudioVersion = 10.0.40219.1
Project("{FAE04EC0-301F-11D3-BF4B-00C04F79EFBC}") = "PartManagementWebApp", "PartManagementWebApp\PartManagementWebApp.csproj", "{9DCBB92F-6BC8-4D39-907F-67C1BA67ACBE}"
EndProject
Project("{FAE04EC0-301F-11D3-BF4B-00C04F79EFBC}") = "PartManagementWebApp.Tests", "PartManagementWebApp.Tests\PartManagementWebApp.Tests.csproj", "{44D3E4CC-A689-4095-8265-DA58682B5542}"
EndProject
Global
	GlobalSection(SolutionConfigurationPlatforms) = preSolution
		Debug|Any CPU = Debug|Any CPU
		Release|Any CPU = Release|Any CPU
	EndGlobalSection
	GlobalSection(ProjectConfigurationPlatforms) = postSolution
		{9DCBB92F-6BC8-4D39-907F-67C1BA67ACBE}.Debug|Any CPU.ActiveCfg = Debug|Any CPU
		{9DCBB92F-6BC8-4D39-907F-67C1BA67ACBE}.Debug|Any CPU.Build.0 = Debug|Any CPU
		{9DCBB92F-6BC8-4D39-907F-67C1BA67ACBE}.Release|Any CPU.ActiveCfg = Release|Any CPU
		{9DCBB92F-6BC8-4D39-907F-67C1BA67ACBE}.Release|Any CPU.Build.0 = Release|Any CPU
		{44D3E4CC-A689-4095-8265-DA58682B5542}.Debug|Any CPU.ActiveCfg = Debug|Any CPU
		{44D3E4CC-A689-4095-8265-DA58682B5542}.Debug|Any CPU.Build.0 = Debug|Any CPU
		{44D3E4CC-A689-4095-8265-DA58682B5542}.Release|Any CPU.ActiveCfg = Release|Any CPU
		{44D3E4CC-A689-4095-8265-DA58682B5542}.Release|Any CPU.Build.0 = Release|Any CPU
	EndGlobalSection
	GlobalSection(SolutionProperties) = preSolution
		HideSolutionNode = FALSE
	EndGlobalSection
EndGlobal
